
Microsoft Visual Studio Solution File, Format Version 12.00
# Visual Studio Version 17
VisualStudioVersion = 17.4.33213.308
MinimumVisualStudioVersion = 10.0.40219.1
Project("{FAE04EC0-301F-11D3-BF4B-00C04F79EFBC}") = "MatInfo", "MatInfo\MatInfo.csproj", "{0A64C935-D44A-4908-B8E5-572C82C41B01}"
EndProject
Global
	GlobalSection(SolutionConfigurationPlatforms) = preSolution
		Debug|Any CPU = Debug|Any CPU
		Release|Any CPU = Release|Any CPU
	EndGlobalSection
	GlobalSection(ProjectConfigurationPlatforms) = postSolution
		{0A64C935-D44A-4908-B8E5-572C82C41B01}.Debug|Any CPU.ActiveCfg = Debug|Any CPU
		{0A64C935-D44A-4908-B8E5-572C82C41B01}.Debug|Any CPU.Build.0 = Debug|Any CPU
		{0A64C935-D44A-4908-B8E5-572C82C41B01}.Release|Any CPU.ActiveCfg = Release|Any CPU
		{0A64C935-D44A-4908-B8E5-572C82C41B01}.Release|Any CPU.Build.0 = Release|Any CPU
	EndGlobalSection
	GlobalSection(SolutionProperties) = preSolution
		HideSolutionNode = FALSE
	EndGlobalSection
	GlobalSection(ExtensibilityGlobals) = postSolution
		SolutionGuid = {336F0EBD-EF61-4FF3-A2DB-F6781CCF79AE}
	EndGlobalSection
EndGlobal
